// !$*UTF8*$!
{
	archiveVersion = 1;
	classes = {
	};
	objectVersion = 46;
	objects = {

/* Begin PBXBuildFile section */
		A5F4CB101529782B004D6F45 /* UIKit.framework in Frameworks */ = {isa = PBXBuildFile; fileRef = A5F4CB0F1529782B004D6F45 /* UIKit.framework */; };
		A5F4CB121529782B004D6F45 /* Foundation.framework in Frameworks */ = {isa = PBXBuildFile; fileRef = A5F4CB111529782B004D6F45 /* Foundation.framework */; };
		A5F4CB141529782B004D6F45 /* CoreGraphics.framework in Frameworks */ = {isa = PBXBuildFile; fileRef = A5F4CB131529782B004D6F45 /* CoreGraphics.framework */; };
		A5F4CB161529782B004D6F45 /* CoreData.framework in Frameworks */ = {isa = PBXBuildFile; fileRef = A5F4CB151529782B004D6F45 /* CoreData.framework */; };
		A5F4CB1C1529782B004D6F45 /* InfoPlist.strings in Resources */ = {isa = PBXBuildFile; fileRef = A5F4CB1A1529782B004D6F45 /* InfoPlist.strings */; };
		A5F4CB1F1529782B004D6F45 /* main.m in Sources */ = {isa = PBXBuildFile; fileRef = A5F4CB1E1529782B004D6F45 /* main.m */; };
		A5F4CB221529782B004D6F45 /* SolutionTwoAppDelegate.m in Sources */ = {isa = PBXBuildFile; fileRef = A5F4CB211529782B004D6F45 /* SolutionTwoAppDelegate.m */; };
		A5F4CB251529782B004D6F45 /* MainWindow.xib in Resources */ = {isa = PBXBuildFile; fileRef = A5F4CB231529782B004D6F45 /* MainWindow.xib */; };
		A5F4CB281529782B004D6F45 /* SolutionTwo.xcdatamodeld in Sources */ = {isa = PBXBuildFile; fileRef = A5F4CB261529782B004D6F45 /* SolutionTwo.xcdatamodeld */; };
		A5F4CB3015297844004D6F45 /* SolutionTwoViewController.m in Sources */ = {isa = PBXBuildFile; fileRef = A5F4CB2F15297844004D6F45 /* SolutionTwoViewController.m */; };
		A5F4CB3B15298C80004D6F45 /* PhotoEditViewController.m in Sources */ = {isa = PBXBuildFile; fileRef = A5F4CB3A15298C80004D6F45 /* PhotoEditViewController.m */; };
		A5F4CB3F15299598004D6F45 /* GlobalData.m in Sources */ = {isa = PBXBuildFile; fileRef = A5F4CB3E15299598004D6F45 /* GlobalData.m */; };
		A5F4CB411529963B004D6F45 /* QuartzCore.framework in Frameworks */ = {isa = PBXBuildFile; fileRef = A5F4CB401529963B004D6F45 /* QuartzCore.framework */; };
/* End PBXBuildFile section */

/* Begin PBXFileReference section */
		A5F4CB0B1529782B004D6F45 /* SolutionTwo.app */ = {isa = PBXFileReference; explicitFileType = wrapper.application; includeInIndex = 0; path = SolutionTwo.app; sourceTree = BUILT_PRODUCTS_DIR; };
		A5F4CB0F1529782B004D6F45 /* UIKit.framework */ = {isa = PBXFileReference; lastKnownFileType = wrapper.framework; name = UIKit.framework; path = System/Library/Frameworks/UIKit.framework; sourceTree = SDKROOT; };
		A5F4CB111529782B004D6F45 /* Foundation.framework */ = {isa = PBXFileReference; lastKnownFileType = wrapper.framework; name = Foundation.framework; path = System/Library/Frameworks/Foundation.framework; sourceTree = SDKROOT; };
		A5F4CB131529782B004D6F45 /* CoreGraphics.framework */ = {isa = PBXFileReference; lastKnownFileType = wrapper.framework; name = CoreGraphics.framework; path = System/Library/Frameworks/CoreGraphics.framework; sourceTree = SDKROOT; };
		A5F4CB151529782B004D6F45 /* CoreData.framework */ = {isa = PBXFileReference; lastKnownFileType = wrapper.framework; name = CoreData.framework; path = System/Library/Frameworks/CoreData.framework; sourceTree = SDKROOT; };
		A5F4CB191529782B004D6F45 /* SolutionTwo-Info.plist */ = {isa = PBXFileReference; lastKnownFileType = text.plist.xml; path = "SolutionTwo-Info.plist"; sourceTree = "<group>"; };
		A5F4CB1B1529782B004D6F45 /* en */ = {isa = PBXFileReference; lastKnownFileType = text.plist.strings; name = en; path = en.lproj/InfoPlist.strings; sourceTree = "<group>"; };
		A5F4CB1D1529782B004D6F45 /* SolutionTwo-Prefix.pch */ = {isa = PBXFileReference; lastKnownFileType = sourcecode.c.h; path = "SolutionTwo-Prefix.pch"; sourceTree = "<group>"; };
		A5F4CB1E1529782B004D6F45 /* main.m */ = {isa = PBXFileReference; lastKnownFileType = sourcecode.c.objc; path = main.m; sourceTree = "<group>"; };
		A5F4CB201529782B004D6F45 /* SolutionTwoAppDelegate.h */ = {isa = PBXFileReference; lastKnownFileType = sourcecode.c.h; path = SolutionTwoAppDelegate.h; sourceTree = "<group>"; };
		A5F4CB211529782B004D6F45 /* SolutionTwoAppDelegate.m */ = {isa = PBXFileReference; lastKnownFileType = sourcecode.c.objc; path = SolutionTwoAppDelegate.m; sourceTree = "<group>"; };
		A5F4CB241529782B004D6F45 /* en */ = {isa = PBXFileReference; lastKnownFileType = file.xib; name = en; path = en.lproj/MainWindow.xib; sourceTree = "<group>"; };
		A5F4CB271529782B004D6F45 /* SolutionTwo.xcdatamodel */ = {isa = PBXFileReference; lastKnownFileType = wrapper.xcdatamodel; path = SolutionTwo.xcdatamodel; sourceTree = "<group>"; };
		A5F4CB2E15297844004D6F45 /* SolutionTwoViewController.h */ = {isa = PBXFileReference; fileEncoding = 4; lastKnownFileType = sourcecode.c.h; path = SolutionTwoViewController.h; sourceTree = "<group>"; };
		A5F4CB2F15297844004D6F45 /* SolutionTwoViewController.m */ = {isa = PBXFileReference; fileEncoding = 4; lastKnownFileType = sourcecode.c.objc; path = SolutionTwoViewController.m; sourceTree = "<group>"; };
		A5F4CB3915298C80004D6F45 /* PhotoEditViewController.h */ = {isa = PBXFileReference; fileEncoding = 4; lastKnownFileType = sourcecode.c.h; path = PhotoEditViewController.h; sourceTree = "<group>"; };
		A5F4CB3A15298C80004D6F45 /* PhotoEditViewController.m */ = {isa = PBXFileReference; fileEncoding = 4; lastKnownFileType = sourcecode.c.objc; path = PhotoEditViewController.m; sourceTree = "<group>"; };
		A5F4CB3D15299598004D6F45 /* GlobalData.h */ = {isa = PBXFileReference; fileEncoding = 4; lastKnownFileType = sourcecode.c.h; path = GlobalData.h; sourceTree = "<group>"; };
		A5F4CB3E15299598004D6F45 /* GlobalData.m */ = {isa = PBXFileReference; fileEncoding = 4; lastKnownFileType = sourcecode.c.objc; path = GlobalData.m; sourceTree = "<group>"; };
		A5F4CB401529963B004D6F45 /* QuartzCore.framework */ = {isa = PBXFileReference; lastKnownFileType = wrapper.framework; name = QuartzCore.framework; path = System/Library/Frameworks/QuartzCore.framework; sourceTree = SDKROOT; };
/* End PBXFileReference section */

/* Begin PBXFrameworksBuildPhase section */
		A5F4CB081529782B004D6F45 /* Frameworks */ = {
			isa = PBXFrameworksBuildPhase;
			buildActionMask = 2147483647;
			files = (
				A5F4CB411529963B004D6F45 /* QuartzCore.framework in Frameworks */,
				A5F4CB101529782B004D6F45 /* UIKit.framework in Frameworks */,
				A5F4CB121529782B004D6F45 /* Foundation.framework in Frameworks */,
				A5F4CB141529782B004D6F45 /* CoreGraphics.framework in Frameworks */,
				A5F4CB161529782B004D6F45 /* CoreData.framework in Frameworks */,
			);
			runOnlyForDeploymentPostprocessing = 0;
		};
/* End PBXFrameworksBuildPhase section */

/* Begin PBXGroup section */
		A5F4CB001529782B004D6F45 = {
			isa = PBXGroup;
			children = (
				A5F4CB401529963B004D6F45 /* QuartzCore.framework */,
				A5F4CB171529782B004D6F45 /* SolutionTwo */,
				A5F4CB0E1529782B004D6F45 /* Frameworks */,
				A5F4CB0C1529782B004D6F45 /* Products */,
			);
			sourceTree = "<group>";
		};
		A5F4CB0C1529782B004D6F45 /* Products */ = {
			isa = PBXGroup;
			children = (
				A5F4CB0B1529782B004D6F45 /* SolutionTwo.app */,
			);
			name = Products;
			sourceTree = "<group>";
		};
		A5F4CB0E1529782B004D6F45 /* Frameworks */ = {
			isa = PBXGroup;
			children = (
				A5F4CB0F1529782B004D6F45 /* UIKit.framework */,
				A5F4CB111529782B004D6F45 /* Foundation.framework */,
				A5F4CB131529782B004D6F45 /* CoreGraphics.framework */,
				A5F4CB151529782B004D6F45 /* CoreData.framework */,
			);
			name = Frameworks;
			sourceTree = "<group>";
		};
		A5F4CB171529782B004D6F45 /* SolutionTwo */ = {
			isa = PBXGroup;
			children = (
				A5F4CB3D15299598004D6F45 /* GlobalData.h */,
				A5F4CB3E15299598004D6F45 /* GlobalData.m */,
				A5F4CB201529782B004D6F45 /* SolutionTwoAppDelegate.h */,
				A5F4CB211529782B004D6F45 /* SolutionTwoAppDelegate.m */,
				A5F4CB2E15297844004D6F45 /* SolutionTwoViewController.h */,
				A5F4CB2F15297844004D6F45 /* SolutionTwoViewController.m */,
				A5F4CB3915298C80004D6F45 /* PhotoEditViewController.h */,
				A5F4CB3A15298C80004D6F45 /* PhotoEditViewController.m */,
				A5F4CB231529782B004D6F45 /* MainWindow.xib */,
				A5F4CB261529782B004D6F45 /* SolutionTwo.xcdatamodeld */,
				A5F4CB181529782B004D6F45 /* Supporting Files */,
			);
			path = SolutionTwo;
			sourceTree = "<group>";
		};
		A5F4CB181529782B004D6F45 /* Supporting Files */ = {
			isa = PBXGroup;
			children = (
				A5F4CB191529782B004D6F45 /* SolutionTwo-Info.plist */,
				A5F4CB1A1529782B004D6F45 /* InfoPlist.strings */,
				A5F4CB1D1529782B004D6F45 /* SolutionTwo-Prefix.pch */,
				A5F4CB1E1529782B004D6F45 /* main.m */,
			);
			name = "Supporting Files";
			sourceTree = "<group>";
		};
/* End PBXGroup section */

/* Begin PBXNativeTarget section */
		A5F4CB0A1529782B004D6F45 /* SolutionTwo */ = {
			isa = PBXNativeTarget;
			buildConfigurationList = A5F4CB2B1529782B004D6F45 /* Build configuration list for PBXNativeTarget "SolutionTwo" */;
			buildPhases = (
				A5F4CB071529782B004D6F45 /* Sources */,
				A5F4CB081529782B004D6F45 /* Frameworks */,
				A5F4CB091529782B004D6F45 /* Resources */,
			);
			buildRules = (
			);
			dependencies = (
			);
			name = SolutionTwo;
			productName = SolutionTwo;
			productReference = A5F4CB0B1529782B004D6F45 /* SolutionTwo.app */;
			productType = "com.apple.product-type.application";
		};
/* End PBXNativeTarget section */

/* Begin PBXProject section */
		A5F4CB021529782B004D6F45 /* Project object */ = {
			isa = PBXProject;
			attributes = {
				ORGANIZATIONNAME = "NMG Resources, Inc.";
			};
			buildConfigurationList = A5F4CB051529782B004D6F45 /* Build configuration list for PBXProject "SolutionTwo" */;
			compatibilityVersion = "Xcode 3.2";
			developmentRegion = English;
			hasScannedForEncodings = 0;
			knownRegions = (
				en,
			);
			mainGroup = A5F4CB001529782B004D6F45;
			productRefGroup = A5F4CB0C1529782B004D6F45 /* Products */;
			projectDirPath = "";
			projectRoot = "";
			targets = (
				A5F4CB0A1529782B004D6F45 /* SolutionTwo */,
			);
		};
/* End PBXProject section */

/* Begin PBXResourcesBuildPhase section */
		A5F4CB091529782B004D6F45 /* Resources */ = {
			isa = PBXResourcesBuildPhase;
			buildActionMask = 2147483647;
			files = (
				A5F4CB1C1529782B004D6F45 /* InfoPlist.strings in Resources */,
				A5F4CB251529782B004D6F45 /* MainWindow.xib in Resources */,
			);
			runOnlyForDeploymentPostprocessing = 0;
		};
/* End PBXResourcesBuildPhase section */

/* Begin PBXSourcesBuildPhase section */
		A5F4CB071529782B004D6F45 /* Sources */ = {
			isa = PBXSourcesBuildPhase;
			buildActionMask = 2147483647;
			files = (
				A5F4CB1F1529782B004D6F45 /* main.m in Sources */,
				A5F4CB221529782B004D6F45 /* SolutionTwoAppDelegate.m in Sources */,
				A5F4CB281529782B004D6F45 /* SolutionTwo.xcdatamodeld in Sources */,
				A5F4CB3015297844004D6F45 /* SolutionTwoViewController.m in Sources */,
				A5F4CB3B15298C80004D6F45 /* PhotoEditViewController.m in Sources */,
				A5F4CB3F15299598004D6F45 /* GlobalData.m in Sources */,
			);
			runOnlyForDeploymentPostprocessing = 0;
		};
/* End PBXSourcesBuildPhase section */

/* Begin PBXVariantGroup section */
		A5F4CB1A1529782B004D6F45 /* InfoPlist.strings */ = {
			isa = PBXVariantGroup;
			children = (
				A5F4CB1B1529782B004D6F45 /* en */,
			);
			name = InfoPlist.strings;
			sourceTree = "<group>";
		};
		A5F4CB231529782B004D6F45 /* MainWindow.xib */ = {
			isa = PBXVariantGroup;
			children = (
				A5F4CB241529782B004D6F45 /* en */,
			);
			name = MainWindow.xib;
			sourceTree = "<group>";
		};
/* End PBXVariantGroup section */

/* Begin XCBuildConfiguration section */
		A5F4CB291529782B004D6F45 /* Debug */ = {
			isa = XCBuildConfiguration;
			buildSettings = {
				ARCHS = "$(ARCHS_STANDARD_32_BIT)";
				"CODE_SIGN_IDENTITY[sdk=iphoneos*]" = "iPhone Developer";
				GCC_C_LANGUAGE_STANDARD = gnu99;
				GCC_OPTIMIZATION_LEVEL = 0;
				GCC_PREPROCESSOR_DEFINITIONS = DEBUG;
				GCC_SYMBOLS_PRIVATE_EXTERN = NO;
				GCC_VERSION = com.apple.compilers.llvmgcc42;
				GCC_WARN_ABOUT_RETURN_TYPE = YES;
				GCC_WARN_UNUSED_VARIABLE = YES;
				IPHONEOS_DEPLOYMENT_TARGET = 4.3;
				SDKROOT = iphoneos;
			};
			name = Debug;
		};
		A5F4CB2A1529782B004D6F45 /* Release */ = {
			isa = XCBuildConfiguration;
			buildSettings = {
				ARCHS = "$(ARCHS_STANDARD_32_BIT)";
				"CODE_SIGN_IDENTITY[sdk=iphoneos*]" = "iPhone Developer";
				GCC_C_LANGUAGE_STANDARD = gnu99;
				GCC_VERSION = com.apple.compilers.llvmgcc42;
				GCC_WARN_ABOUT_RETURN_TYPE = YES;
				GCC_WARN_UNUSED_VARIABLE = YES;
				IPHONEOS_DEPLOYMENT_TARGET = 4.3;
				OTHER_CFLAGS = "-DNS_BLOCK_ASSERTIONS=1";
				SDKROOT = iphoneos;
			};
			name = Release;
		};
		A5F4CB2C1529782B004D6F45 /* Debug */ = {
			isa = XCBuildConfiguration;
			buildSettings = {
				ALWAYS_SEARCH_USER_PATHS = NO;
				COPY_PHASE_STRIP = NO;
				GCC_DYNAMIC_NO_PIC = NO;
				GCC_PRECOMPILE_PREFIX_HEADER = YES;
				GCC_PREFIX_HEADER = "SolutionTwo/SolutionTwo-Prefix.pch";
				INFOPLIST_FILE = "SolutionTwo/SolutionTwo-Info.plist";
				PRODUCT_NAME = "$(TARGET_NAME)";
				WRAPPER_EXTENSION = app;
			};
			name = Debug;
		};
		A5F4CB2D1529782B004D6F45 /* Release */ = {
			isa = XCBuildConfiguration;
			buildSettings = {
				ALWAYS_SEARCH_USER_PATHS = NO;
				COPY_PHASE_STRIP = YES;
				GCC_PRECOMPILE_PREFIX_HEADER = YES;
				GCC_PREFIX_HEADER = "SolutionTwo/SolutionTwo-Prefix.pch";
				INFOPLIST_FILE = "SolutionTwo/SolutionTwo-Info.plist";
				PRODUCT_NAME = "$(TARGET_NAME)";
				VALIDATE_PRODUCT = YES;
				WRAPPER_EXTENSION = app;
			};
			name = Release;
		};
/* End XCBuildConfiguration section */

/* Begin XCConfigurationList section */
		A5F4CB051529782B004D6F45 /* Build configuration list for PBXProject "SolutionTwo" */ = {
			isa = XCConfigurationList;
			buildConfigurations = (
				A5F4CB291529782B004D6F45 /* Debug */,
				A5F4CB2A1529782B004D6F45 /* Release */,
			);
			defaultConfigurationIsVisible = 0;
			defaultConfigurationName = Release;
		};
		A5F4CB2B1529782B004D6F45 /* Build configuration list for PBXNativeTarget "SolutionTwo" */ = {
			isa = XCConfigurationList;
			buildConfigurations = (
				A5F4CB2C1529782B004D6F45 /* Debug */,
				A5F4CB2D1529782B004D6F45 /* Release */,
			);
			defaultConfigurationIsVisible = 0;
			defaultConfigurationName = Release;
		};
/* End XCConfigurationList section */

/* Begin XCVersionGroup section */
		A5F4CB261529782B004D6F45 /* SolutionTwo.xcdatamodeld */ = {
			isa = XCVersionGroup;
			children = (
				A5F4CB271529782B004D6F45 /* SolutionTwo.xcdatamodel */,
			);
			currentVersion = A5F4CB271529782B004D6F45 /* SolutionTwo.xcdatamodel */;
			path = SolutionTwo.xcdatamodeld;
			sourceTree = "<group>";
			versionGroupType = wrapper.xcdatamodel;
		};
/* End XCVersionGroup section */
	};
	rootObject = A5F4CB021529782B004D6F45 /* Project object */;
}
